
Microsoft Visual Studio Solution File, Format Version 12.00
# Visual Studio Version 16
VisualStudioVersion = 16.0.30804.86
MinimumVisualStudioVersion = 10.0.40219.1
Project("{FAE04EC0-301F-11D3-BF4B-00C04F79EFBC}") = "WebApplication2", "WebApplication2\WebApplication2.csproj", "{BDF8CDD1-75F5-444F-93BD-F25B90DFCC4A}"
EndProject
Global
	GlobalSection(SolutionConfigurationPlatforms) = preSolution
		Debug|Any CPU = Debug|Any CPU
		Release|Any CPU = Release|Any CPU
	EndGlobalSection
	GlobalSection(ProjectConfigurationPlatforms) = postSolution
		{BDF8CDD1-75F5-444F-93BD-F25B90DFCC4A}.Debug|Any CPU.ActiveCfg = Debug|Any CPU
		{BDF8CDD1-75F5-444F-93BD-F25B90DFCC4A}.Debug|Any CPU.Build.0 = Debug|Any CPU
		{BDF8CDD1-75F5-444F-93BD-F25B90DFCC4A}.Release|Any CPU.ActiveCfg = Release|Any CPU
		{BDF8CDD1-75F5-444F-93BD-F25B90DFCC4A}.Release|Any CPU.Build.0 = Release|Any CPU
	EndGlobalSection
	GlobalSection(SolutionProperties) = preSolution
		HideSolutionNode = FALSE
	EndGlobalSection
	GlobalSection(ExtensibilityGlobals) = postSolution
		SolutionGuid = {EB659E4E-29DB-4D0F-AC34-3C7DC01D243A}
	EndGlobalSection
EndGlobal
